lockfileVersion: '9.0'

settings:
  autoInstallPeers: true
  excludeLinksFromLockfile: false

importers:

  .:
    devDependencies:
      '@eslint/json':
        specifier: ^1.0.1
        version: 1.0.1

packages:

  '@eslint/core@1.1.1':
    resolution: {integrity: sha512-QUPblTtE51/7/Zhfv8BDwO0qkkzQL7P/aWWbqcf4xWLEYn1oKjdO0gglQBB4GAsu7u6wjijbCmzsUTy6mnk6oQ==}
    engines: {node: ^20.19.0 || ^22.13.0 || >=24}

  '@eslint/json@1.0.1':
    resolution: {integrity: sha512-bE2nGv8/U+uRvQEJWOgCsZCa65XsCBgxyyx/sXtTHVv0kqdauACLzyp7A1C3yNn7pRaWjIt5acxY+TAbSyIJXw==}
    engines: {node: ^20.19.0 || ^22.13.0 || >=24}

  '@eslint/plugin-kit@0.6.1':
    resolution: {integrity: sha512-iH1B076HoAshH1mLpHMgwdGeTs0CYwL0SPMkGuSebZrwBp16v415e9NZXg2jtrqPVQjf6IANe2Vtlr5KswtcZQ==}
    engines: {node: ^20.19.0 || ^22.13.0 || >=24}

  '@humanwhocodes/momoa@3.3.10':
    resolution: {integrity: sha512-KWiFQpSAqEIyrTXko3hFNLeQvSK8zXlJQzhhxsyVn58WFRYXST99b3Nqnu+ttOtjds2Pl2grUHGpe2NzhPynuQ==}
    engines: {node: '>=18'}

  '@types/json-schema@7.0.15':
    resolution: {integrity: sha512-5+fP8P8MFNC+AyZCDxrB2pkZFPGzqQWUzpSeuuVLvm8VMcorNYavBqoFcxK8bQz4Qsbn4oUEEem4wDLfcysGHA==}

  levn@0.4.1:
    resolution: {integrity: sha512-+bT2uH4E5LGE7h/n3evcS/sQlJXCpIp6ym8OWJ5eV6+67Dsql/LaaT7qJBAt2rzfoa/5QBGBhxDix1dMt2kQKQ==}
    engines: {node: '>= 0.8.0'}

  natural-compare@1.4.0:
    resolution: {integrity: sha512-OWND8ei3VtNC9h7V60qff3SVobHr996CTwgxubgyQYEpg290h9J0buyECNNJexkFm5sOajh5G116RYA1c8ZMSw==}

  prelude-ls@1.2.1:
    resolution: {integrity: sha512-vkcDPrRZo1QZLbn5RLGPpg/WmIQ65qoWWhcGKf/b5eplkkarX0m9z8ppCat4mlOqUsWpyNuYgO3VRyrYHSzX5g==}
    engines: {node: '>= 0.8.0'}

  type-check@0.4.0:
    resolution: {integrity: sha512-XleUoc9uwGXqjWwXaUTZAmzMcFZ5858QA2vvx1Ur5xIcixXIP+8LnFDgRplU30us6teqdlskFfu+ae4K79Ooew==}
    engines: {node: '>= 0.8.0'}

snapshots:

  '@eslint/core@1.1.1':
    dependencies:
      '@types/json-schema': 7.0.15

  '@eslint/json@1.0.1':
    dependencies:
      '@eslint/core': 1.1.1
      '@eslint/plugin-kit': 0.6.1
      '@humanwhocodes/momoa': 3.3.10
      natural-compare: 1.4.0

  '@eslint/plugin-kit@0.6.1':
    dependencies:
      '@eslint/core': 1.1.1
      levn: 0.4.1

  '@humanwhocodes/momoa@3.3.10': {}

  '@types/json-schema@7.0.15': {}

  levn@0.4.1:
    dependencies:
      prelude-ls: 1.2.1
      type-check: 0.4.0

  natural-compare@1.4.0: {}

  prelude-ls@1.2.1: {}

  type-check@0.4.0:
    dependencies:
      prelude-ls: 1.2.1
